
Microsoft Visual Studio Solution File, Format Version 12.00
# Visual Studio Version 17
VisualStudioVersion = 17.6.33829.357
MinimumVisualStudioVersion = 10.0.40219.1
Project("{9A19103F-16F7-4668-BE54-9A1E7A4F7556}") = "Starfield Behavior Editor", "Starfield Behavior Editor\Starfield Behavior Editor.csproj", "{E302DB79-ADBC-426F-99E9-F349162035F0}"
EndProject
Project("{9A19103F-16F7-4668-BE54-9A1E7A4F7556}") = "Editor Test", "Editor Test\Editor Test.csproj", "{1317FA6F-D606-45BD-8C5A-B2D1CDB511A7}"
EndProject
Global
	GlobalSection(SolutionConfigurationPlatforms) = preSolution
		Debug|Any CPU = Debug|Any CPU
		Release|Any CPU = Release|Any CPU
	EndGlobalSection
	GlobalSection(ProjectConfigurationPlatforms) = postSolution
		{E302DB79-ADBC-426F-99E9-F349162035F0}.Debug|Any CPU.ActiveCfg = Debug|Any CPU
		{E302DB79-ADBC-426F-99E9-F349162035F0}.Debug|Any CPU.Build.0 = Debug|Any CPU
		{E302DB79-ADBC-426F-99E9-F349162035F0}.Release|Any CPU.ActiveCfg = Release|Any CPU
		{E302DB79-ADBC-426F-99E9-F349162035F0}.Release|Any CPU.Build.0 = Release|Any CPU
		{1317FA6F-D606-45BD-8C5A-B2D1CDB511A7}.Debug|Any CPU.ActiveCfg = Debug|Any CPU
		{1317FA6F-D606-45BD-8C5A-B2D1CDB511A7}.Release|Any CPU.ActiveCfg = Release|Any CPU
		{1317FA6F-D606-45BD-8C5A-B2D1CDB511A7}.Release|Any CPU.Build.0 = Release|Any CPU
	EndGlobalSection
	GlobalSection(SolutionProperties) = preSolution
		HideSolutionNode = FALSE
	EndGlobalSection
	GlobalSection(ExtensibilityGlobals) = postSolution
		SolutionGuid = {97157E4E-58CD-4D4B-A340-A82F946FE15C}
	EndGlobalSection
EndGlobal
